
Microsoft Visual Studio Solution File, Format Version 12.00
# Visual Studio 15
VisualStudioVersion = 15.0.28307.329
MinimumVisualStudioVersion = 10.0.40219.1
Project("{FAE04EC0-301F-11D3-BF4B-00C04F79EFBC}") = "1st_MidTerm_Quiz", "1st_MidTerm_Quiz\1st_MidTerm_Quiz.csproj", "{95C9D8C4-FB88-4557-8F55-1F659A5663B2}"
EndProject
Global
	GlobalSection(SolutionConfigurationPlatforms) = preSolution
		Debug|Any CPU = Debug|Any CPU
		Release|Any CPU = Release|Any CPU
	EndGlobalSection
	GlobalSection(ProjectConfigurationPlatforms) = postSolution
		{95C9D8C4-FB88-4557-8F55-1F659A5663B2}.Debug|Any CPU.ActiveCfg = Debug|Any CPU
		{95C9D8C4-FB88-4557-8F55-1F659A5663B2}.Debug|Any CPU.Build.0 = Debug|Any CPU
		{95C9D8C4-FB88-4557-8F55-1F659A5663B2}.Release|Any CPU.ActiveCfg = Release|Any CPU
		{95C9D8C4-FB88-4557-8F55-1F659A5663B2}.Release|Any CPU.Build.0 = Release|Any CPU
	EndGlobalSection
	GlobalSection(SolutionProperties) = preSolution
		HideSolutionNode = FALSE
	EndGlobalSection
	GlobalSection(ExtensibilityGlobals) = postSolution
		SolutionGuid = {7D812CF2-6CC8-436D-9F1B-39D11866E89B}
	EndGlobalSection
EndGlobal
