
Microsoft Visual Studio Solution File, Format Version 12.00
# Visual Studio 15
VisualStudioVersion = 15.0.27703.2035
MinimumVisualStudioVersion = 10.0.40219.1
Project("{FAE04EC0-301F-11D3-BF4B-00C04F79EFBC}") = "6th_App", "6th_App\6th_App.csproj", "{6E69C4BB-BF22-4C5A-9474-71C4EB49A837}"
EndProject
Global
	GlobalSection(SolutionConfigurationPlatforms) = preSolution
		Debug|Any CPU = Debug|Any CPU
		Release|Any CPU = Release|Any CPU
	EndGlobalSection
	GlobalSection(ProjectConfigurationPlatforms) = postSolution
		{6E69C4BB-BF22-4C5A-9474-71C4EB49A837}.Debug|Any CPU.ActiveCfg = Debug|Any CPU
		{6E69C4BB-BF22-4C5A-9474-71C4EB49A837}.Debug|Any CPU.Build.0 = Debug|Any CPU
		{6E69C4BB-BF22-4C5A-9474-71C4EB49A837}.Release|Any CPU.ActiveCfg = Release|Any CPU
		{6E69C4BB-BF22-4C5A-9474-71C4EB49A837}.Release|Any CPU.Build.0 = Release|Any CPU
	EndGlobalSection
	GlobalSection(SolutionProperties) = preSolution
		HideSolutionNode = FALSE
	EndGlobalSection
	GlobalSection(ExtensibilityGlobals) = postSolution
		SolutionGuid = {54D8938C-927A-4837-B18E-BD141CA7336C}
	EndGlobalSection
EndGlobal
