
Microsoft Visual Studio Solution File, Format Version 12.00
# Visual Studio 15
VisualStudioVersion = 15.0.28307.271
MinimumVisualStudioVersion = 10.0.40219.1
Project("{FAE04EC0-301F-11D3-BF4B-00C04F79EFBC}") = "13th_App", "13th_App.csproj", "{FC2A9DEE-3811-40F1-AE98-2A8FEF047733}"
EndProject
Global
	GlobalSection(SolutionConfigurationPlatforms) = preSolution
		Debug|Any CPU = Debug|Any CPU
		Release|Any CPU = Release|Any CPU
	EndGlobalSection
	GlobalSection(ProjectConfigurationPlatforms) = postSolution
		{FC2A9DEE-3811-40F1-AE98-2A8FEF047733}.Debug|Any CPU.ActiveCfg = Debug|Any CPU
		{FC2A9DEE-3811-40F1-AE98-2A8FEF047733}.Debug|Any CPU.Build.0 = Debug|Any CPU
		{FC2A9DEE-3811-40F1-AE98-2A8FEF047733}.Release|Any CPU.ActiveCfg = Release|Any CPU
		{FC2A9DEE-3811-40F1-AE98-2A8FEF047733}.Release|Any CPU.Build.0 = Release|Any CPU
	EndGlobalSection
	GlobalSection(SolutionProperties) = preSolution
		HideSolutionNode = FALSE
	EndGlobalSection
	GlobalSection(ExtensibilityGlobals) = postSolution
		SolutionGuid = {7FE9FFEA-8233-4D7E-8E70-EF2772646F00}
	EndGlobalSection
EndGlobal
