
Microsoft Visual Studio Solution File, Format Version 12.00
# Visual Studio 15
VisualStudioVersion = 15.0.28307.329
MinimumVisualStudioVersion = 10.0.40219.1
Project("{FAE04EC0-301F-11D3-BF4B-00C04F79EFBC}") = "4th_App", "4th_App\4th_App.csproj", "{2098F590-673C-4854-BAC4-54FAF2233082}"
EndProject
Global
	GlobalSection(SolutionConfigurationPlatforms) = preSolution
		Debug|Any CPU = Debug|Any CPU
		Release|Any CPU = Release|Any CPU
	EndGlobalSection
	GlobalSection(ProjectConfigurationPlatforms) = postSolution
		{2098F590-673C-4854-BAC4-54FAF2233082}.Debug|Any CPU.ActiveCfg = Debug|Any CPU
		{2098F590-673C-4854-BAC4-54FAF2233082}.Debug|Any CPU.Build.0 = Debug|Any CPU
		{2098F590-673C-4854-BAC4-54FAF2233082}.Release|Any CPU.ActiveCfg = Release|Any CPU
		{2098F590-673C-4854-BAC4-54FAF2233082}.Release|Any CPU.Build.0 = Release|Any CPU
	EndGlobalSection
	GlobalSection(SolutionProperties) = preSolution
		HideSolutionNode = FALSE
	EndGlobalSection
	GlobalSection(ExtensibilityGlobals) = postSolution
		SolutionGuid = {E7A4E431-186F-4FAC-8A69-56D8226D377E}
	EndGlobalSection
EndGlobal
