
Microsoft Visual Studio Solution File, Format Version 12.00
# Visual Studio 15
VisualStudioVersion = 15.0.27703.2035
MinimumVisualStudioVersion = 10.0.40219.1
Project("{FAE04EC0-301F-11D3-BF4B-00C04F79EFBC}") = "5th_App", "5th_App\5th_App.csproj", "{2B1B1F3C-E0FA-455A-8A60-9D530453FDD1}"
EndProject
Global
	GlobalSection(SolutionConfigurationPlatforms) = preSolution
		Debug|Any CPU = Debug|Any CPU
		Release|Any CPU = Release|Any CPU
	EndGlobalSection
	GlobalSection(ProjectConfigurationPlatforms) = postSolution
		{2B1B1F3C-E0FA-455A-8A60-9D530453FDD1}.Debug|Any CPU.ActiveCfg = Debug|Any CPU
		{2B1B1F3C-E0FA-455A-8A60-9D530453FDD1}.Debug|Any CPU.Build.0 = Debug|Any CPU
		{2B1B1F3C-E0FA-455A-8A60-9D530453FDD1}.Release|Any CPU.ActiveCfg = Release|Any CPU
		{2B1B1F3C-E0FA-455A-8A60-9D530453FDD1}.Release|Any CPU.Build.0 = Release|Any CPU
	EndGlobalSection
	GlobalSection(SolutionProperties) = preSolution
		HideSolutionNode = FALSE
	EndGlobalSection
	GlobalSection(ExtensibilityGlobals) = postSolution
		SolutionGuid = {A7F78FFC-0FA7-496E-91C4-BC5B89E187A9}
	EndGlobalSection
EndGlobal
