
Microsoft Visual Studio Solution File, Format Version 12.00
# Visual Studio 15
VisualStudioVersion = 15.0.27703.2035
MinimumVisualStudioVersion = 10.0.40219.1
Project("{FAE04EC0-301F-11D3-BF4B-00C04F79EFBC}") = "8th_App", "8th_App\8th_App.csproj", "{401ED91F-A0EC-4F34-B90B-ACCD9FA569CD}"
EndProject
Global
	GlobalSection(SolutionConfigurationPlatforms) = preSolution
		Debug|Any CPU = Debug|Any CPU
		Release|Any CPU = Release|Any CPU
	EndGlobalSection
	GlobalSection(ProjectConfigurationPlatforms) = postSolution
		{401ED91F-A0EC-4F34-B90B-ACCD9FA569CD}.Debug|Any CPU.ActiveCfg = Debug|Any CPU
		{401ED91F-A0EC-4F34-B90B-ACCD9FA569CD}.Debug|Any CPU.Build.0 = Debug|Any CPU
		{401ED91F-A0EC-4F34-B90B-ACCD9FA569CD}.Release|Any CPU.ActiveCfg = Release|Any CPU
		{401ED91F-A0EC-4F34-B90B-ACCD9FA569CD}.Release|Any CPU.Build.0 = Release|Any CPU
	EndGlobalSection
	GlobalSection(SolutionProperties) = preSolution
		HideSolutionNode = FALSE
	EndGlobalSection
	GlobalSection(ExtensibilityGlobals) = postSolution
		SolutionGuid = {68F4C76C-46E7-4CD6-BFBA-0A10FDD56CBB}
	EndGlobalSection
EndGlobal
