
Microsoft Visual Studio Solution File, Format Version 12.00
# Visual Studio 15
VisualStudioVersion = 15.0.28307.329
MinimumVisualStudioVersion = 10.0.40219.1
Project("{FAE04EC0-301F-11D3-BF4B-00C04F79EFBC}") = "5th_App", "5th_App\5th_App.csproj", "{E48AF056-F3BC-45D8-BA06-1D2089DEE177}"
EndProject
Global
	GlobalSection(SolutionConfigurationPlatforms) = preSolution
		Debug|Any CPU = Debug|Any CPU
		Release|Any CPU = Release|Any CPU
	EndGlobalSection
	GlobalSection(ProjectConfigurationPlatforms) = postSolution
		{E48AF056-F3BC-45D8-BA06-1D2089DEE177}.Debug|Any CPU.ActiveCfg = Debug|Any CPU
		{E48AF056-F3BC-45D8-BA06-1D2089DEE177}.Debug|Any CPU.Build.0 = Debug|Any CPU
		{E48AF056-F3BC-45D8-BA06-1D2089DEE177}.Release|Any CPU.ActiveCfg = Release|Any CPU
		{E48AF056-F3BC-45D8-BA06-1D2089DEE177}.Release|Any CPU.Build.0 = Release|Any CPU
	EndGlobalSection
	GlobalSection(SolutionProperties) = preSolution
		HideSolutionNode = FALSE
	EndGlobalSection
	GlobalSection(ExtensibilityGlobals) = postSolution
		SolutionGuid = {4D3211A7-64AD-4FEF-9C81-B4CC7F067596}
	EndGlobalSection
EndGlobal
