
Microsoft Visual Studio Solution File, Format Version 12.00
# Visual Studio 15
VisualStudioVersion = 15.0.28307.271
MinimumVisualStudioVersion = 10.0.40219.1
Project("{FAE04EC0-301F-11D3-BF4B-00C04F79EFBC}") = "14th_App", "14th_App.csproj", "{82C2FC8A-5B07-46D4-858C-8EB2A1532A7B}"
EndProject
Global
	GlobalSection(SolutionConfigurationPlatforms) = preSolution
		Debug|Any CPU = Debug|Any CPU
		Release|Any CPU = Release|Any CPU
	EndGlobalSection
	GlobalSection(ProjectConfigurationPlatforms) = postSolution
		{82C2FC8A-5B07-46D4-858C-8EB2A1532A7B}.Debug|Any CPU.ActiveCfg = Debug|Any CPU
		{82C2FC8A-5B07-46D4-858C-8EB2A1532A7B}.Debug|Any CPU.Build.0 = Debug|Any CPU
		{82C2FC8A-5B07-46D4-858C-8EB2A1532A7B}.Release|Any CPU.ActiveCfg = Release|Any CPU
		{82C2FC8A-5B07-46D4-858C-8EB2A1532A7B}.Release|Any CPU.Build.0 = Release|Any CPU
	EndGlobalSection
	GlobalSection(SolutionProperties) = preSolution
		HideSolutionNode = FALSE
	EndGlobalSection
	GlobalSection(ExtensibilityGlobals) = postSolution
		SolutionGuid = {E469D49B-B56E-41A8-A3B2-F06B54379647}
	EndGlobalSection
EndGlobal
