
Microsoft Visual Studio Solution File, Format Version 12.00
# Visual Studio 15
VisualStudioVersion = 15.0.28307.329
MinimumVisualStudioVersion = 10.0.40219.1
Project("{FAE04EC0-301F-11D3-BF4B-00C04F79EFBC}") = "3rd_App", "3rd_App\3rd_App.csproj", "{C342E2CC-3579-4DB1-9607-F813D391F319}"
EndProject
Global
	GlobalSection(SolutionConfigurationPlatforms) = preSolution
		Debug|Any CPU = Debug|Any CPU
		Release|Any CPU = Release|Any CPU
	EndGlobalSection
	GlobalSection(ProjectConfigurationPlatforms) = postSolution
		{C342E2CC-3579-4DB1-9607-F813D391F319}.Debug|Any CPU.ActiveCfg = Debug|Any CPU
		{C342E2CC-3579-4DB1-9607-F813D391F319}.Debug|Any CPU.Build.0 = Debug|Any CPU
		{C342E2CC-3579-4DB1-9607-F813D391F319}.Release|Any CPU.ActiveCfg = Release|Any CPU
		{C342E2CC-3579-4DB1-9607-F813D391F319}.Release|Any CPU.Build.0 = Release|Any CPU
	EndGlobalSection
	GlobalSection(SolutionProperties) = preSolution
		HideSolutionNode = FALSE
	EndGlobalSection
	GlobalSection(ExtensibilityGlobals) = postSolution
		SolutionGuid = {D6FD0748-8239-475E-9594-85CE2A17845E}
	EndGlobalSection
EndGlobal
