
Microsoft Visual Studio Solution File, Format Version 12.00
# Visual Studio 15
VisualStudioVersion = 15.0.28307.271
MinimumVisualStudioVersion = 10.0.40219.1
Project("{FAE04EC0-301F-11D3-BF4B-00C04F79EFBC}") = "8th_App", "8th_App.csproj", "{B048F808-C90E-46CC-9AAE-F49A893AFEEE}"
EndProject
Global
	GlobalSection(SolutionConfigurationPlatforms) = preSolution
		Debug|Any CPU = Debug|Any CPU
		Release|Any CPU = Release|Any CPU
	EndGlobalSection
	GlobalSection(ProjectConfigurationPlatforms) = postSolution
		{B048F808-C90E-46CC-9AAE-F49A893AFEEE}.Debug|Any CPU.ActiveCfg = Debug|Any CPU
		{B048F808-C90E-46CC-9AAE-F49A893AFEEE}.Debug|Any CPU.Build.0 = Debug|Any CPU
		{B048F808-C90E-46CC-9AAE-F49A893AFEEE}.Release|Any CPU.ActiveCfg = Release|Any CPU
		{B048F808-C90E-46CC-9AAE-F49A893AFEEE}.Release|Any CPU.Build.0 = Release|Any CPU
	EndGlobalSection
	GlobalSection(SolutionProperties) = preSolution
		HideSolutionNode = FALSE
	EndGlobalSection
	GlobalSection(ExtensibilityGlobals) = postSolution
		SolutionGuid = {8ECDB073-EDE6-4A5A-9776-22D9C94C640F}
	EndGlobalSection
EndGlobal
